
Microsoft Visual Studio Solution File, Format Version 12.00
# Visual Studio Version 17
VisualStudioVersion = 17.9.34622.214
MinimumVisualStudioVersion = 10.0.40219.1
Project("{FAE04EC0-301F-11D3-BF4B-00C04F79EFBC}") = "CryptoCurrency414", "CryptoCurrency414.csproj", "{2DEB822E-7B43-4DE6-847A-7996A7A24B4E}"
EndProject
Global
	GlobalSection(SolutionConfigurationPlatforms) = preSolution
		Debug|Any CPU = Debug|Any CPU
		Release|Any CPU = Release|Any CPU
	EndGlobalSection
	GlobalSection(ProjectConfigurationPlatforms) = postSolution
		{2DEB822E-7B43-4DE6-847A-7996A7A24B4E}.Debug|Any CPU.ActiveCfg = Debug|Any CPU
		{2DEB822E-7B43-4DE6-847A-7996A7A24B4E}.Debug|Any CPU.Build.0 = Debug|Any CPU
		{2DEB822E-7B43-4DE6-847A-7996A7A24B4E}.Release|Any CPU.ActiveCfg = Release|Any CPU
		{2DEB822E-7B43-4DE6-847A-7996A7A24B4E}.Release|Any CPU.Build.0 = Release|Any CPU
	EndGlobalSection
	GlobalSection(SolutionProperties) = preSolution
		HideSolutionNode = FALSE
	EndGlobalSection
	GlobalSection(ExtensibilityGlobals) = postSolution
		SolutionGuid = {71DBE213-32B1-49C0-8CF4-EB546C6913E7}
	EndGlobalSection
EndGlobal
